
Microsoft Visual Studio Solution File, Format Version 12.00
# Visual Studio 15
VisualStudioVersion = 15.0.28307.1062
MinimumVisualStudioVersion = 10.0.40219.1
Project("{FAE04EC0-301F-11D3-BF4B-00C04F79EFBC}") = "ConstructorsAndInheritance", "ConstructorsAndInheritance\ConstructorsAndInheritance.csproj", "{46D75A02-416D-4E7E-BB98-1F9F198F92EA}"
EndProject
Global
	GlobalSection(SolutionConfigurationPlatforms) = preSolution
		Debug|Any CPU = Debug|Any CPU
		Release|Any CPU = Release|Any CPU
	EndGlobalSection
	GlobalSection(ProjectConfigurationPlatforms) = postSolution
		{46D75A02-416D-4E7E-BB98-1F9F198F92EA}.Debug|Any CPU.ActiveCfg = Debug|Any CPU
		{46D75A02-416D-4E7E-BB98-1F9F198F92EA}.Debug|Any CPU.Build.0 = Debug|Any CPU
		{46D75A02-416D-4E7E-BB98-1F9F198F92EA}.Release|Any CPU.ActiveCfg = Release|Any CPU
		{46D75A02-416D-4E7E-BB98-1F9F198F92EA}.Release|Any CPU.Build.0 = Release|Any CPU
	EndGlobalSection
	GlobalSection(SolutionProperties) = preSolution
		HideSolutionNode = FALSE
	EndGlobalSection
	GlobalSection(ExtensibilityGlobals) = postSolution
		SolutionGuid = {819BF9BC-29A2-4C7A-8377-30E7F9C6FDA3}
	EndGlobalSection
EndGlobal
